
Microsoft Visual Studio Solution File, Format Version 12.00
# Visual Studio 15
Project("{FAE04EC0-301F-11D3-BF4B-00C04F79EFBC}") = "com.flipbookgames.scriptinspector3", "com.flipbookgames.scriptinspector3.csproj", "{C3329271-8B9F-DE87-27C9-67B98BDFADB5}"
EndProject
Project("{FAE04EC0-301F-11D3-BF4B-00C04F79EFBC}") = "Assembly-CSharp", "Assembly-CSharp.csproj", "{FE3D4815-2367-1676-9BB8-DBB9D1279DFC}"
EndProject
Global
	GlobalSection(SolutionConfigurationPlatforms) = preSolution
		Debug|Any CPU = Debug|Any CPU
		Release|Any CPU = Release|Any CPU
	EndGlobalSection
	GlobalSection(ProjectConfigurationPlatforms) = postSolution
		{C3329271-8B9F-DE87-27C9-67B98BDFADB5}.Debug|Any CPU.ActiveCfg = Debug|Any CPU
		{C3329271-8B9F-DE87-27C9-67B98BDFADB5}.Debug|Any CPU.Build.0 = Debug|Any CPU
		{C3329271-8B9F-DE87-27C9-67B98BDFADB5}.Release|Any CPU.ActiveCfg = Release|Any CPU
		{C3329271-8B9F-DE87-27C9-67B98BDFADB5}.Release|Any CPU.Build.0 = Release|Any CPU
		{FE3D4815-2367-1676-9BB8-DBB9D1279DFC}.Debug|Any CPU.ActiveCfg = Debug|Any CPU
		{FE3D4815-2367-1676-9BB8-DBB9D1279DFC}.Debug|Any CPU.Build.0 = Debug|Any CPU
		{FE3D4815-2367-1676-9BB8-DBB9D1279DFC}.Release|Any CPU.ActiveCfg = Release|Any CPU
		{FE3D4815-2367-1676-9BB8-DBB9D1279DFC}.Release|Any CPU.Build.0 = Release|Any CPU
	EndGlobalSection
	GlobalSection(SolutionProperties) = preSolution
		HideSolutionNode = FALSE
	EndGlobalSection
EndGlobal
